
Microsoft Visual Studio Solution File, Format Version 12.00
# Visual Studio Version 17
VisualStudioVersion = 17.6.33723.286
MinimumVisualStudioVersion = 10.0.40219.1
Project("{FAE04EC0-301F-11D3-BF4B-00C04F79EFBC}") = "CosmosCRUD", "CosmosCRUD\CosmosCRUD.csproj", "{704802FE-FEA7-45D8-8E57-5D66B0563FA6}"
EndProject
Global
	GlobalSection(SolutionConfigurationPlatforms) = preSolution
		Debug|Any CPU = Debug|Any CPU
		Release|Any CPU = Release|Any CPU
	EndGlobalSection
	GlobalSection(ProjectConfigurationPlatforms) = postSolution
		{704802FE-FEA7-45D8-8E57-5D66B0563FA6}.Debug|Any CPU.ActiveCfg = Debug|Any CPU
		{704802FE-FEA7-45D8-8E57-5D66B0563FA6}.Debug|Any CPU.Build.0 = Debug|Any CPU
		{704802FE-FEA7-45D8-8E57-5D66B0563FA6}.Release|Any CPU.ActiveCfg = Release|Any CPU
		{704802FE-FEA7-45D8-8E57-5D66B0563FA6}.Release|Any CPU.Build.0 = Release|Any CPU
	EndGlobalSection
	GlobalSection(SolutionProperties) = preSolution
		HideSolutionNode = FALSE
	EndGlobalSection
	GlobalSection(ExtensibilityGlobals) = postSolution
		SolutionGuid = {039E4C9B-9F82-4030-AA9A-BDB1F3EC4CF5}
	EndGlobalSection
EndGlobal
